
Microsoft Visual Studio Solution File, Format Version 12.00
# Visual Studio Version 17
VisualStudioVersion = 17.8.34408.163
MinimumVisualStudioVersion = 10.0.40219.1
Project("{FAE04EC0-301F-11D3-BF4B-00C04F79EFBC}") = "labshee2.q2", "labshee2.q2\labshee2.q2.csproj", "{BD0330E2-3AE4-4E48-BBF9-D3F0EFC918D4}"
EndProject
Global
	GlobalSection(SolutionConfigurationPlatforms) = preSolution
		Debug|Any CPU = Debug|Any CPU
		Release|Any CPU = Release|Any CPU
	EndGlobalSection
	GlobalSection(ProjectConfigurationPlatforms) = postSolution
		{BD0330E2-3AE4-4E48-BBF9-D3F0EFC918D4}.Debug|Any CPU.ActiveCfg = Debug|Any CPU
		{BD0330E2-3AE4-4E48-BBF9-D3F0EFC918D4}.Debug|Any CPU.Build.0 = Debug|Any CPU
		{BD0330E2-3AE4-4E48-BBF9-D3F0EFC918D4}.Release|Any CPU.ActiveCfg = Release|Any CPU
		{BD0330E2-3AE4-4E48-BBF9-D3F0EFC918D4}.Release|Any CPU.Build.0 = Release|Any CPU
	EndGlobalSection
	GlobalSection(SolutionProperties) = preSolution
		HideSolutionNode = FALSE
	EndGlobalSection
	GlobalSection(ExtensibilityGlobals) = postSolution
		SolutionGuid = {14E74D09-00AB-4F46-8060-99FB72400152}
	EndGlobalSection
EndGlobal
