
Microsoft Visual Studio Solution File, Format Version 12.00
# Visual Studio Version 17
VisualStudioVersion = 17.8.34408.163
MinimumVisualStudioVersion = 10.0.40219.1
Project("{FAE04EC0-301F-11D3-BF4B-00C04F79EFBC}") = "labsheet4q2", "labsheet4q2\labsheet4q2.csproj", "{D3954356-9868-47C9-8467-54272BFEA708}"
EndProject
Global
	GlobalSection(SolutionConfigurationPlatforms) = preSolution
		Debug|Any CPU = Debug|Any CPU
		Release|Any CPU = Release|Any CPU
	EndGlobalSection
	GlobalSection(ProjectConfigurationPlatforms) = postSolution
		{D3954356-9868-47C9-8467-54272BFEA708}.Debug|Any CPU.ActiveCfg = Debug|Any CPU
		{D3954356-9868-47C9-8467-54272BFEA708}.Debug|Any CPU.Build.0 = Debug|Any CPU
		{D3954356-9868-47C9-8467-54272BFEA708}.Release|Any CPU.ActiveCfg = Release|Any CPU
		{D3954356-9868-47C9-8467-54272BFEA708}.Release|Any CPU.Build.0 = Release|Any CPU
	EndGlobalSection
	GlobalSection(SolutionProperties) = preSolution
		HideSolutionNode = FALSE
	EndGlobalSection
	GlobalSection(ExtensibilityGlobals) = postSolution
		SolutionGuid = {BB945283-AE37-4253-8B85-974289E2D731}
	EndGlobalSection
EndGlobal
